
Microsoft Visual Studio Solution File, Format Version 12.00
# Visual Studio 2013
VisualStudioVersion = 12.0.31101.0
MinimumVisualStudioVersion = 10.0.40219.1
Project("{FAE04EC0-301F-11D3-BF4B-00C04F79EFBC}") = "MSOE.MediaComplete", "MSOE.MediaComplete\MSOE.MediaComplete.csproj", "{A0884657-5FDE-459B-BACC-94B19AF58401}"
EndProject
Project("{FAE04EC0-301F-11D3-BF4B-00C04F79EFBC}") = "MSOE.MediaComplete.Lib", "MSOE.MediaComplete.Lib\MSOE.MediaComplete.Lib.csproj", "{9FC3A1A0-F81A-45BA-A8EB-1F4A10F0D3F1}"
EndProject
Project("{FAE04EC0-301F-11D3-BF4B-00C04F79EFBC}") = "MSOE.MediaComplete.Test", "MSOE.MediaComplete.Test\MSOE.MediaComplete.Test.csproj", "{EA95E81C-E2DB-4E00-80A5-219653E9411E}"
EndProject
Project("{2150E333-8FDC-42A3-9474-1A3956D46DE8}") = ".nuget", ".nuget", "{B5402507-5D79-4E10-9636-B72ABDCEF95F}"
	ProjectSection(SolutionItems) = preProject
		.nuget\NuGet.Config = .nuget\NuGet.Config
		.nuget\NuGet.exe = .nuget\NuGet.exe
		.nuget\NuGet.targets = .nuget\NuGet.targets
	EndProjectSection
EndProject
Global
	GlobalSection(SolutionConfigurationPlatforms) = preSolution
		CD_ROM|Any CPU = CD_ROM|Any CPU
		CD_ROM|x86 = CD_ROM|x86
		Debug|Any CPU = Debug|Any CPU
		Debug|x86 = Debug|x86
		DVD-5|Any CPU = DVD-5|Any CPU
		DVD-5|x86 = DVD-5|x86
		Release|Any CPU = Release|Any CPU
		Release|x86 = Release|x86
		SingleImage|Any CPU = SingleImage|Any CPU
		SingleImage|x86 = SingleImage|x86
	EndGlobalSection
	GlobalSection(ProjectConfigurationPlatforms) = postSolution
		{A0884657-5FDE-459B-BACC-94B19AF58401}.CD_ROM|Any CPU.ActiveCfg = Debug|x86
		{A0884657-5FDE-459B-BACC-94B19AF58401}.CD_ROM|x86.ActiveCfg = Release|x86
		{A0884657-5FDE-459B-BACC-94B19AF58401}.CD_ROM|x86.Build.0 = Release|x86
		{A0884657-5FDE-459B-BACC-94B19AF58401}.Debug|Any CPU.ActiveCfg = Debug|x86
		{A0884657-5FDE-459B-BACC-94B19AF58401}.Debug|Any CPU.Build.0 = Debug|x86
		{A0884657-5FDE-459B-BACC-94B19AF58401}.Debug|x86.ActiveCfg = Debug|x86
		{A0884657-5FDE-459B-BACC-94B19AF58401}.Debug|x86.Build.0 = Debug|x86
		{A0884657-5FDE-459B-BACC-94B19AF58401}.Debug|x86.Deploy.0 = Debug|x86
		{A0884657-5FDE-459B-BACC-94B19AF58401}.DVD-5|Any CPU.ActiveCfg = Debug|x86
		{A0884657-5FDE-459B-BACC-94B19AF58401}.DVD-5|x86.ActiveCfg = Debug|x86
		{A0884657-5FDE-459B-BACC-94B19AF58401}.DVD-5|x86.Build.0 = Debug|x86
		{A0884657-5FDE-459B-BACC-94B19AF58401}.Release|Any CPU.ActiveCfg = Release|x86
		{A0884657-5FDE-459B-BACC-94B19AF58401}.Release|x86.ActiveCfg = Release|x86
		{A0884657-5FDE-459B-BACC-94B19AF58401}.Release|x86.Build.0 = Release|x86
		{A0884657-5FDE-459B-BACC-94B19AF58401}.SingleImage|Any CPU.ActiveCfg = Debug|x86
		{A0884657-5FDE-459B-BACC-94B19AF58401}.SingleImage|x86.ActiveCfg = Release|x86
		{A0884657-5FDE-459B-BACC-94B19AF58401}.SingleImage|x86.Build.0 = Release|x86
		{9FC3A1A0-F81A-45BA-A8EB-1F4A10F0D3F1}.CD_ROM|Any CPU.ActiveCfg = Debug|x86
		{9FC3A1A0-F81A-45BA-A8EB-1F4A10F0D3F1}.CD_ROM|x86.ActiveCfg = Release|x86
		{9FC3A1A0-F81A-45BA-A8EB-1F4A10F0D3F1}.CD_ROM|x86.Build.0 = Release|x86
		{9FC3A1A0-F81A-45BA-A8EB-1F4A10F0D3F1}.Debug|Any CPU.ActiveCfg = Debug|x86
		{9FC3A1A0-F81A-45BA-A8EB-1F4A10F0D3F1}.Debug|Any CPU.Build.0 = Debug|x86
		{9FC3A1A0-F81A-45BA-A8EB-1F4A10F0D3F1}.Debug|x86.ActiveCfg = Debug|x86
		{9FC3A1A0-F81A-45BA-A8EB-1F4A10F0D3F1}.Debug|x86.Build.0 = Debug|x86
		{9FC3A1A0-F81A-45BA-A8EB-1F4A10F0D3F1}.DVD-5|Any CPU.ActiveCfg = Debug|x86
		{9FC3A1A0-F81A-45BA-A8EB-1F4A10F0D3F1}.DVD-5|x86.ActiveCfg = Debug|x86
		{9FC3A1A0-F81A-45BA-A8EB-1F4A10F0D3F1}.DVD-5|x86.Build.0 = Debug|x86
		{9FC3A1A0-F81A-45BA-A8EB-1F4A10F0D3F1}.Release|Any CPU.ActiveCfg = Release|x86
		{9FC3A1A0-F81A-45BA-A8EB-1F4A10F0D3F1}.Release|x86.ActiveCfg = Release|x86
		{9FC3A1A0-F81A-45BA-A8EB-1F4A10F0D3F1}.Release|x86.Build.0 = Release|x86
		{9FC3A1A0-F81A-45BA-A8EB-1F4A10F0D3F1}.SingleImage|Any CPU.ActiveCfg = Debug|x86
		{9FC3A1A0-F81A-45BA-A8EB-1F4A10F0D3F1}.SingleImage|x86.ActiveCfg = Release|x86
		{9FC3A1A0-F81A-45BA-A8EB-1F4A10F0D3F1}.SingleImage|x86.Build.0 = Release|x86
		{EA95E81C-E2DB-4E00-80A5-219653E9411E}.CD_ROM|Any CPU.ActiveCfg = Debug|x86
		{EA95E81C-E2DB-4E00-80A5-219653E9411E}.CD_ROM|x86.ActiveCfg = Release|x86
		{EA95E81C-E2DB-4E00-80A5-219653E9411E}.CD_ROM|x86.Build.0 = Release|x86
		{EA95E81C-E2DB-4E00-80A5-219653E9411E}.Debug|Any CPU.ActiveCfg = Debug|x86
		{EA95E81C-E2DB-4E00-80A5-219653E9411E}.Debug|Any CPU.Build.0 = Debug|x86
		{EA95E81C-E2DB-4E00-80A5-219653E9411E}.Debug|x86.ActiveCfg = Debug|x86
		{EA95E81C-E2DB-4E00-80A5-219653E9411E}.Debug|x86.Build.0 = Debug|x86
		{EA95E81C-E2DB-4E00-80A5-219653E9411E}.DVD-5|Any CPU.ActiveCfg = Debug|x86
		{EA95E81C-E2DB-4E00-80A5-219653E9411E}.DVD-5|x86.ActiveCfg = Debug|x86
		{EA95E81C-E2DB-4E00-80A5-219653E9411E}.DVD-5|x86.Build.0 = Debug|x86
		{EA95E81C-E2DB-4E00-80A5-219653E9411E}.Release|Any CPU.ActiveCfg = Release|x86
		{EA95E81C-E2DB-4E00-80A5-219653E9411E}.Release|x86.ActiveCfg = Release|x86
		{EA95E81C-E2DB-4E00-80A5-219653E9411E}.Release|x86.Build.0 = Release|x86
		{EA95E81C-E2DB-4E00-80A5-219653E9411E}.SingleImage|Any CPU.ActiveCfg = Debug|x86
		{EA95E81C-E2DB-4E00-80A5-219653E9411E}.SingleImage|x86.ActiveCfg = Release|x86
		{EA95E81C-E2DB-4E00-80A5-219653E9411E}.SingleImage|x86.Build.0 = Release|x86
	EndGlobalSection
	GlobalSection(SolutionProperties) = preSolution
		HideSolutionNode = FALSE
	EndGlobalSection
EndGlobal
